// !$*UTF8*$!
{
	archiveVersion = 1;
	classes = {
	};
	objectVersion = 56;
	objects = {

/* Begin PBXBuildFile section */
		B345BEB2292B0DB7009FC7DE /* Yelp_ReviewApp.swift in Sources */ = {isa = PBXBuildFile; fileRef = B345BEB1292B0DB7009FC7DE /* Yelp_ReviewApp.swift */; };
		B345BEB4292B0DB7009FC7DE /* SearchView.swift in Sources */ = {isa = PBXBuildFile; fileRef = B345BEB3292B0DB7009FC7DE /* SearchView.swift */; };
		B345BEB6292B0DB8009FC7DE /* Assets.xcassets in Resources */ = {isa = PBXBuildFile; fileRef = B345BEB5292B0DB8009FC7DE /* Assets.xcassets */; };
		B345BEB9292B0DB8009FC7DE /* Preview Assets.xcassets in Resources */ = {isa = PBXBuildFile; fileRef = B345BEB8292B0DB8009FC7DE /* Preview Assets.xcassets */; };
		B345BEC0292B13F0009FC7DE /* ReservationView.swift in Sources */ = {isa = PBXBuildFile; fileRef = B345BEBF292B13F0009FC7DE /* ReservationView.swift */; };
		B372AEF6292B51BA0091954B /* BusinessView.swift in Sources */ = {isa = PBXBuildFile; fileRef = B372AEF5292B51BA0091954B /* BusinessView.swift */; };
		B3E368FC292DC81F00E7573E /* DetailView.swift in Sources */ = {isa = PBXBuildFile; fileRef = B3E368FB292DC81F00E7573E /* DetailView.swift */; };
		B3E368FE292DC9AB00E7573E /* MapView.swift in Sources */ = {isa = PBXBuildFile; fileRef = B3E368FD292DC9AB00E7573E /* MapView.swift */; };
		B3E36900292DC9C500E7573E /* ReviewView.swift in Sources */ = {isa = PBXBuildFile; fileRef = B3E368FF292DC9C500E7573E /* ReviewView.swift */; };
/* End PBXBuildFile section */

/* Begin PBXFileReference section */
		B345BEAE292B0DB7009FC7DE /* Yelp Review.app */ = {isa = PBXFileReference; explicitFileType = wrapper.application; includeInIndex = 0; path = "Yelp Review.app"; sourceTree = BUILT_PRODUCTS_DIR; };
		B345BEB1292B0DB7009FC7DE /* Yelp_ReviewApp.swift */ = {isa = PBXFileReference; lastKnownFileType = sourcecode.swift; path = Yelp_ReviewApp.swift; sourceTree = "<group>"; };
		B345BEB3292B0DB7009FC7DE /* SearchView.swift */ = {isa = PBXFileReference; lastKnownFileType = sourcecode.swift; path = SearchView.swift; sourceTree = "<group>"; };
		B345BEB5292B0DB8009FC7DE /* Assets.xcassets */ = {isa = PBXFileReference; lastKnownFileType = folder.assetcatalog; path = Assets.xcassets; sourceTree = "<group>"; };
		B345BEB8292B0DB8009FC7DE /* Preview Assets.xcassets */ = {isa = PBXFileReference; lastKnownFileType = folder.assetcatalog; path = "Preview Assets.xcassets"; sourceTree = "<group>"; };
		B345BEBF292B13F0009FC7DE /* ReservationView.swift */ = {isa = PBXFileReference; lastKnownFileType = sourcecode.swift; path = ReservationView.swift; sourceTree = "<group>"; };
		B372AEF5292B51BA0091954B /* BusinessView.swift */ = {isa = PBXFileReference; lastKnownFileType = sourcecode.swift; path = BusinessView.swift; sourceTree = "<group>"; };
		B3B14CAA2935ACBB006806EE /* Yelp-Review-Info.plist */ = {isa = PBXFileReference; lastKnownFileType = text.plist; path = "Yelp-Review-Info.plist"; sourceTree = SOURCE_ROOT; };
		B3E368FB292DC81F00E7573E /* DetailView.swift */ = {isa = PBXFileReference; lastKnownFileType = sourcecode.swift; path = DetailView.swift; sourceTree = "<group>"; };
		B3E368FD292DC9AB00E7573E /* MapView.swift */ = {isa = PBXFileReference; lastKnownFileType = sourcecode.swift; path = MapView.swift; sourceTree = "<group>"; };
		B3E368FF292DC9C500E7573E /* ReviewView.swift */ = {isa = PBXFileReference; lastKnownFileType = sourcecode.swift; path = ReviewView.swift; sourceTree = "<group>"; };
/* End PBXFileReference section */

/* Begin PBXFrameworksBuildPhase section */
		B345BEAB292B0DB7009FC7DE /* Frameworks */ = {
			isa = PBXFrameworksBuildPhase;
			buildActionMask = 2147483647;
			files = (
			);
			runOnlyForDeploymentPostprocessing = 0;
		};
/* End PBXFrameworksBuildPhase section */

/* Begin PBXGroup section */
		B345BEA5292B0DB7009FC7DE = {
			isa = PBXGroup;
			children = (
				B345BEB0292B0DB7009FC7DE /* Yelp Review */,
				B345BEAF292B0DB7009FC7DE /* Products */,
			);
			sourceTree = "<group>";
		};
		B345BEAF292B0DB7009FC7DE /* Products */ = {
			isa = PBXGroup;
			children = (
				B345BEAE292B0DB7009FC7DE /* Yelp Review.app */,
			);
			name = Products;
			sourceTree = "<group>";
		};
		B345BEB0292B0DB7009FC7DE /* Yelp Review */ = {
			isa = PBXGroup;
			children = (
				B3B14CAA2935ACBB006806EE /* Yelp-Review-Info.plist */,
				B345BEB1292B0DB7009FC7DE /* Yelp_ReviewApp.swift */,
				B345BEB3292B0DB7009FC7DE /* SearchView.swift */,
				B372AEF5292B51BA0091954B /* BusinessView.swift */,
				B345BEBF292B13F0009FC7DE /* ReservationView.swift */,
				B345BEB5292B0DB8009FC7DE /* Assets.xcassets */,
				B345BEB7292B0DB8009FC7DE /* Preview Content */,
				B3E368FB292DC81F00E7573E /* DetailView.swift */,
				B3E368FD292DC9AB00E7573E /* MapView.swift */,
				B3E368FF292DC9C500E7573E /* ReviewView.swift */,
			);
			path = "Yelp Review";
			sourceTree = "<group>";
		};
		B345BEB7292B0DB8009FC7DE /* Preview Content */ = {
			isa = PBXGroup;
			children = (
				B345BEB8292B0DB8009FC7DE /* Preview Assets.xcassets */,
			);
			path = "Preview Content";
			sourceTree = "<group>";
		};
/* End PBXGroup section */

/* Begin PBXNativeTarget section */
		B345BEAD292B0DB7009FC7DE /* Yelp Review */ = {
			isa = PBXNativeTarget;
			buildConfigurationList = B345BEBC292B0DB8009FC7DE /* Build configuration list for PBXNativeTarget "Yelp Review" */;
			buildPhases = (
				B345BEAA292B0DB7009FC7DE /* Sources */,
				B345BEAB292B0DB7009FC7DE /* Frameworks */,
				B345BEAC292B0DB7009FC7DE /* Resources */,
			);
			buildRules = (
			);
			dependencies = (
			);
			name = "Yelp Review";
			productName = "Yelp Review";
			productReference = B345BEAE292B0DB7009FC7DE /* Yelp Review.app */;
			productType = "com.apple.product-type.application";
		};
/* End PBXNativeTarget section */

/* Begin PBXProject section */
		B345BEA6292B0DB7009FC7DE /* Project object */ = {
			isa = PBXProject;
			attributes = {
				BuildIndependentTargetsInParallel = 1;
				LastSwiftUpdateCheck = 1410;
				LastUpgradeCheck = 1410;
				TargetAttributes = {
					B345BEAD292B0DB7009FC7DE = {
						CreatedOnToolsVersion = 14.1;
					};
				};
			};
			buildConfigurationList = B345BEA9292B0DB7009FC7DE /* Build configuration list for PBXProject "Yelp Review" */;
			compatibilityVersion = "Xcode 14.0";
			developmentRegion = en;
			hasScannedForEncodings = 0;
			knownRegions = (
				en,
				Base,
			);
			mainGroup = B345BEA5292B0DB7009FC7DE;
			productRefGroup = B345BEAF292B0DB7009FC7DE /* Products */;
			projectDirPath = "";
			projectRoot = "";
			targets = (
				B345BEAD292B0DB7009FC7DE /* Yelp Review */,
			);
		};
/* End PBXProject section */

/* Begin PBXResourcesBuildPhase section */
		B345BEAC292B0DB7009FC7DE /* Resources */ = {
			isa = PBXResourcesBuildPhase;
			buildActionMask = 2147483647;
			files = (
				B345BEB9292B0DB8009FC7DE /* Preview Assets.xcassets in Resources */,
				B345BEB6292B0DB8009FC7DE /* Assets.xcassets in Resources */,
			);
			runOnlyForDeploymentPostprocessing = 0;
		};
/* End PBXResourcesBuildPhase section */

/* Begin PBXSourcesBuildPhase section */
		B345BEAA292B0DB7009FC7DE /* Sources */ = {
			isa = PBXSourcesBuildPhase;
			buildActionMask = 2147483647;
			files = (
				B372AEF6292B51BA0091954B /* BusinessView.swift in Sources */,
				B3E368FE292DC9AB00E7573E /* MapView.swift in Sources */,
				B345BEB4292B0DB7009FC7DE /* SearchView.swift in Sources */,
				B3E36900292DC9C500E7573E /* ReviewView.swift in Sources */,
				B345BEC0292B13F0009FC7DE /* ReservationView.swift in Sources */,
				B3E368FC292DC81F00E7573E /* DetailView.swift in Sources */,
				B345BEB2292B0DB7009FC7DE /* Yelp_ReviewApp.swift in Sources */,
			);
			runOnlyForDeploymentPostprocessing = 0;
		};
/* End PBXSourcesBuildPhase section */

/* Begin XCBuildConfiguration section */
		B345BEBA292B0DB8009FC7DE /* Debug */ = {
			isa = XCBuildConfiguration;
			buildSettings = {
				ALWAYS_SEARCH_USER_PATHS = NO;
				CLANG_ANALYZER_NONNULL = YES;
				CLANG_ANALYZER_NUMBER_OBJECT_CONVERSION = YES_AGGRESSIVE;
				CLANG_CXX_LANGUAGE_STANDARD = "gnu++20";
				CLANG_ENABLE_MODULES = YES;
				CLANG_ENABLE_OBJC_ARC = YES;
				CLANG_ENABLE_OBJC_WEAK = YES;
				CLANG_WARN_BLOCK_CAPTURE_AUTORELEASING = YES;
				CLANG_WARN_BOOL_CONVERSION = YES;
				CLANG_WARN_COMMA = YES;
				CLANG_WARN_CONSTANT_CONVERSION = YES;
				CLANG_WARN_DEPRECATED_OBJC_IMPLEMENTATIONS = YES;
				CLANG_WARN_DIRECT_OBJC_ISA_USAGE = YES_ERROR;
				CLANG_WARN_DOCUMENTATION_COMMENTS = YES;
				CLANG_WARN_EMPTY_BODY = YES;
				CLANG_WARN_ENUM_CONVERSION = YES;
				CLANG_WARN_INFINITE_RECURSION = YES;
				CLANG_WARN_INT_CONVERSION = YES;
				CLANG_WARN_NON_LITERAL_NULL_CONVERSION = YES;
				CLANG_WARN_OBJC_IMPLICIT_RETAIN_SELF = YES;
				CLANG_WARN_OBJC_LITERAL_CONVERSION = YES;
				CLANG_WARN_OBJC_ROOT_CLASS = YES_ERROR;
				CLANG_WARN_QUOTED_INCLUDE_IN_FRAMEWORK_HEADER = YES;
				CLANG_WARN_RANGE_LOOP_ANALYSIS = YES;
				CLANG_WARN_STRICT_PROTOTYPES = YES;
				CLANG_WARN_SUSPICIOUS_MOVE = YES;
				CLANG_WARN_UNGUARDED_AVAILABILITY = YES_AGGRESSIVE;
				CLANG_WARN_UNREACHABLE_CODE = YES;
				CLANG_WARN__DUPLICATE_METHOD_MATCH = YES;
				COPY_PHASE_STRIP = NO;
				DEBUG_INFORMATION_FORMAT = dwarf;
				ENABLE_STRICT_OBJC_MSGSEND = YES;
				ENABLE_TESTABILITY = YES;
				GCC_C_LANGUAGE_STANDARD = gnu11;
				GCC_DYNAMIC_NO_PIC = NO;
				GCC_NO_COMMON_BLOCKS = YES;
				GCC_OPTIMIZATION_LEVEL = 0;
				GCC_PREPROCESSOR_DEFINITIONS = (
					"DEBUG=1",
					"$(inherited)",
				);
				GCC_WARN_64_TO_32_BIT_CONVERSION = YES;
				GCC_WARN_ABOUT_RETURN_TYPE = YES_ERROR;
				GCC_WARN_UNDECLARED_SELECTOR = YES;
				GCC_WARN_UNINITIALIZED_AUTOS = YES_AGGRESSIVE;
				GCC_WARN_UNUSED_FUNCTION = YES;
				GCC_WARN_UNUSED_VARIABLE = YES;
				IPHONEOS_DEPLOYMENT_TARGET = 16.1;
				MTL_ENABLE_DEBUG_INFO = INCLUDE_SOURCE;
				MTL_FAST_MATH = YES;
				ONLY_ACTIVE_ARCH = YES;
				SDKROOT = iphoneos;
				SWIFT_ACTIVE_COMPILATION_CONDITIONS = DEBUG;
				SWIFT_OPTIMIZATION_LEVEL = "-Onone";
			};
			name = Debug;
		};
		B345BEBB292B0DB8009FC7DE /* Release */ = {
			isa = XCBuildConfiguration;
			buildSettings = {
				ALWAYS_SEARCH_USER_PATHS = NO;
				CLANG_ANALYZER_NONNULL = YES;
				CLANG_ANALYZER_NUMBER_OBJECT_CONVERSION = YES_AGGRESSIVE;
				CLANG_CXX_LANGUAGE_STANDARD = "gnu++20";
				CLANG_ENABLE_MODULES = YES;
				CLANG_ENABLE_OBJC_ARC = YES;
				CLANG_ENABLE_OBJC_WEAK = YES;
				CLANG_WARN_BLOCK_CAPTURE_AUTORELEASING = YES;
				CLANG_WARN_BOOL_CONVERSION = YES;
				CLANG_WARN_COMMA = YES;
				CLANG_WARN_CONSTANT_CONVERSION = YES;
				CLANG_WARN_DEPRECATED_OBJC_IMPLEMENTATIONS = YES;
				CLANG_WARN_DIRECT_OBJC_ISA_USAGE = YES_ERROR;
				CLANG_WARN_DOCUMENTATION_COMMENTS = YES;
				CLANG_WARN_EMPTY_BODY = YES;
				CLANG_WARN_ENUM_CONVERSION = YES;
				CLANG_WARN_INFINITE_RECURSION = YES;
				CLANG_WARN_INT_CONVERSION = YES;
				CLANG_WARN_NON_LITERAL_NULL_CONVERSION = YES;
				CLANG_WARN_OBJC_IMPLICIT_RETAIN_SELF = YES;
				CLANG_WARN_OBJC_LITERAL_CONVERSION = YES;
				CLANG_WARN_OBJC_ROOT_CLASS = YES_ERROR;
				CLANG_WARN_QUOTED_INCLUDE_IN_FRAMEWORK_HEADER = YES;
				CLANG_WARN_RANGE_LOOP_ANALYSIS = YES;
				CLANG_WARN_STRICT_PROTOTYPES = YES;
				CLANG_WARN_SUSPICIOUS_MOVE = YES;
				CLANG_WARN_UNGUARDED_AVAILABILITY = YES_AGGRESSIVE;
				CLANG_WARN_UNREACHABLE_CODE = YES;
				CLANG_WARN__DUPLICATE_METHOD_MATCH = YES;
				COPY_PHASE_STRIP = NO;
				DEBUG_INFORMATION_FORMAT = "dwarf-with-dsym";
				ENABLE_NS_ASSERTIONS = NO;
				ENABLE_STRICT_OBJC_MSGSEND = YES;
				GCC_C_LANGUAGE_STANDARD = gnu11;
				GCC_NO_COMMON_BLOCKS = YES;
				GCC_WARN_64_TO_32_BIT_CONVERSION = YES;
				GCC_WARN_ABOUT_RETURN_TYPE = YES_ERROR;
				GCC_WARN_UNDECLARED_SELECTOR = YES;
				GCC_WARN_UNINITIALIZED_AUTOS = YES_AGGRESSIVE;
				GCC_WARN_UNUSED_FUNCTION = YES;
				GCC_WARN_UNUSED_VARIABLE = YES;
				IPHONEOS_DEPLOYMENT_TARGET = 16.1;
				MTL_ENABLE_DEBUG_INFO = NO;
				MTL_FAST_MATH = YES;
				SDKROOT = iphoneos;
				SWIFT_COMPILATION_MODE = wholemodule;
				SWIFT_OPTIMIZATION_LEVEL = "-O";
				VALIDATE_PRODUCT = YES;
			};
			name = Release;
		};
		B345BEBD292B0DB8009FC7DE /* Debug */ = {
			isa = XCBuildConfiguration;
			buildSettings = {
				ASSETCATALOG_COMPILER_APPICON_NAME = AppIcon;
				ASSETCATALOG_COMPILER_GLOBAL_ACCENT_COLOR_NAME = AccentColor;
				CODE_SIGN_STYLE = Automatic;
				CURRENT_PROJECT_VERSION = 1;
				DEVELOPMENT_ASSET_PATHS = "\"Yelp Review/Preview Content\"";
				ENABLE_PREVIEWS = YES;
				GENERATE_INFOPLIST_FILE = YES;
				INFOPLIST_FILE = "Yelp-Review-Info.plist";
				INFOPLIST_KEY_UIApplicationSceneManifest_Generation = YES;
				INFOPLIST_KEY_UIApplicationSupportsIndirectInputEvents = YES;
				INFOPLIST_KEY_UILaunchScreen_Generation = YES;
				INFOPLIST_KEY_UISupportedInterfaceOrientations_iPad = "UIInterfaceOrientationPortrait UIInterfaceOrientationPortraitUpsideDown UIInterfaceOrientationLandscapeLeft UIInterfaceOrientationLandscapeRight";
				INFOPLIST_KEY_UISupportedInterfaceOrientations_iPhone = "UIInterfaceOrientationPortrait UIInterfaceOrientationLandscapeLeft UIInterfaceOrientationLandscapeRight";
				LD_RUNPATH_SEARCH_PATHS = (
					"$(inherited)",
					"@executable_path/Frameworks",
				);
				MARKETING_VERSION = 1.0;
				PRODUCT_BUNDLE_IDENTIFIER = "csci-571.Yelp-Review";
				PRODUCT_NAME = "$(TARGET_NAME)";
				SUPPORTED_PLATFORMS = "iphoneos iphonesimulator";
				SUPPORTS_MACCATALYST = NO;
				SUPPORTS_MAC_DESIGNED_FOR_IPHONE_IPAD = NO;
				SWIFT_EMIT_LOC_STRINGS = YES;
				SWIFT_VERSION = 5.0;
				TARGETED_DEVICE_FAMILY = 1;
			};
			name = Debug;
		};
		B345BEBE292B0DB8009FC7DE /* Release */ = {
			isa = XCBuildConfiguration;
			buildSettings = {
				ASSETCATALOG_COMPILER_APPICON_NAME = AppIcon;
				ASSETCATALOG_COMPILER_GLOBAL_ACCENT_COLOR_NAME = AccentColor;
				CODE_SIGN_STYLE = Automatic;
				CURRENT_PROJECT_VERSION = 1;
				DEVELOPMENT_ASSET_PATHS = "\"Yelp Review/Preview Content\"";
				ENABLE_PREVIEWS = YES;
				GENERATE_INFOPLIST_FILE = YES;
				INFOPLIST_FILE = "Yelp-Review-Info.plist";
				INFOPLIST_KEY_UIApplicationSceneManifest_Generation = YES;
				INFOPLIST_KEY_UIApplicationSupportsIndirectInputEvents = YES;
				INFOPLIST_KEY_UILaunchScreen_Generation = YES;
				INFOPLIST_KEY_UISupportedInterfaceOrientations_iPad = "UIInterfaceOrientationPortrait UIInterfaceOrientationPortraitUpsideDown UIInterfaceOrientationLandscapeLeft UIInterfaceOrientationLandscapeRight";
				INFOPLIST_KEY_UISupportedInterfaceOrientations_iPhone = "UIInterfaceOrientationPortrait UIInterfaceOrientationLandscapeLeft UIInterfaceOrientationLandscapeRight";
				LD_RUNPATH_SEARCH_PATHS = (
					"$(inherited)",
					"@executable_path/Frameworks",
				);
				MARKETING_VERSION = 1.0;
				PRODUCT_BUNDLE_IDENTIFIER = "csci-571.Yelp-Review";
				PRODUCT_NAME = "$(TARGET_NAME)";
				SUPPORTED_PLATFORMS = "iphoneos iphonesimulator";
				SUPPORTS_MACCATALYST = NO;
				SUPPORTS_MAC_DESIGNED_FOR_IPHONE_IPAD = NO;
				SWIFT_EMIT_LOC_STRINGS = YES;
				SWIFT_VERSION = 5.0;
				TARGETED_DEVICE_FAMILY = 1;
			};
			name = Release;
		};
/* End XCBuildConfiguration section */

/* Begin XCConfigurationList section */
		B345BEA9292B0DB7009FC7DE /* Build configuration list for PBXProject "Yelp Review" */ = {
			isa = XCConfigurationList;
			buildConfigurations = (
				B345BEBA292B0DB8009FC7DE /* Debug */,
				B345BEBB292B0DB8009FC7DE /* Release */,
			);
			defaultConfigurationIsVisible = 0;
			defaultConfigurationName = Release;
		};
		B345BEBC292B0DB8009FC7DE /* Build configuration list for PBXNativeTarget "Yelp Review" */ = {
			isa = XCConfigurationList;
			buildConfigurations = (
				B345BEBD292B0DB8009FC7DE /* Debug */,
				B345BEBE292B0DB8009FC7DE /* Release */,
			);
			defaultConfigurationIsVisible = 0;
			defaultConfigurationName = Release;
		};
/* End XCConfigurationList section */
	};
	rootObject = B345BEA6292B0DB7009FC7DE /* Project object */;
}
